
Microsoft Visual Studio Solution File, Format Version 12.00
# Visual Studio Version 16
VisualStudioVersion = 16.0.30413.136
MinimumVisualStudioVersion = 10.0.40219.1
Project("{9A19103F-16F7-4668-BE54-9A1E7A4F7556}") = "JokesWebApp", "JokesWebApp.csproj", "{A65F0624-4CDE-4702-BD67-38798CC54CD6}"
EndProject
Global
	GlobalSection(SolutionConfigurationPlatforms) = preSolution
		Debug|Any CPU = Debug|Any CPU
		Release|Any CPU = Release|Any CPU
	EndGlobalSection
	GlobalSection(ProjectConfigurationPlatforms) = postSolution
		{A65F0624-4CDE-4702-BD67-38798CC54CD6}.Debug|Any CPU.ActiveCfg = Debug|Any CPU
		{A65F0624-4CDE-4702-BD67-38798CC54CD6}.Debug|Any CPU.Build.0 = Debug|Any CPU
		{A65F0624-4CDE-4702-BD67-38798CC54CD6}.Release|Any CPU.ActiveCfg = Release|Any CPU
		{A65F0624-4CDE-4702-BD67-38798CC54CD6}.Release|Any CPU.Build.0 = Release|Any CPU
	EndGlobalSection
	GlobalSection(SolutionProperties) = preSolution
		HideSolutionNode = FALSE
	EndGlobalSection
	GlobalSection(ExtensibilityGlobals) = postSolution
		SolutionGuid = {6B9E3EB0-7AFE-4220-A83A-6A531AA9626D}
	EndGlobalSection
EndGlobal
